{
  "name": "restaurant-staff",
  "lockfileVersion": 2,
  "requires": true,
  "packages": {
    "": {
      "dependencies": {
        "@fastify/middie": "^8.0.0",
        "cors": "^2.8.5",
        "lodash": "^4.17.21",
        "middie": "^7.1.0"
      }
    },
    "node_modules/@fastify/middie": {
      "version": "8.0.0",
      "resolved": "https://registry.npmjs.org/@fastify/middie/-/middie-8.0.0.tgz",
      "integrity": "sha512-SsZUzJwRV2IBhko8TNI5gGzUdUp2Xd0XCrU+pBTfsMN8LYGsksDI/Hb3qcUZ2/Kfg6ecbFEeRO4nZmHeFCDpHQ==",
      "dependencies": {
        "fastify-plugin": "^3.0.0",
        "path-to-regexp": "^6.1.0",
        "reusify": "^1.0.4"
      }
    },
    "node_modules/cors": {
      "version": "2.8.5",
      "resolved": "https://registry.npmjs.org/cors/-/cors-2.8.5.tgz",
      "integrity": "sha512-KIHbLJqu73RGr/hnbrO9uBeixNGuvSQjul/jdFvS/KFSIH1hWVd1ng7zOHx+YrEfInLG7q4n6GHQ9cDtxv/P6g==",
      "dependencies": {
        "object-assign": "^4",
        "vary": "^1"
      },
      "engines": {
        "node": ">= 0.10"
      }
    },
    "node_modules/fastify-plugin": {
      "version": "3.0.1",
      "resolved": "https://registry.npmjs.org/fastify-plugin/-/fastify-plugin-3.0.1.tgz",
      "integrity": "sha512-qKcDXmuZadJqdTm6vlCqioEbyewF60b/0LOFCcYN1B6BIZGlYJumWWOYs70SFYLDAH4YqdE1cxH/RKMG7rFxgA=="
    },
    "node_modules/lodash": {
      "version": "4.17.21",
      "resolved": "https://registry.npmjs.org/lodash/-/lodash-4.17.21.tgz",
      "integrity": "sha512-v2kDEe57lecTulaDIuNTPy3Ry4gLGJ6Z1O3vE1krgXZNrsQ+LFTGHVxVjcXPs17LhbZVGedAJv8XZ1tvj5FvSg=="
    },
    "node_modules/middie": {
      "version": "7.1.0",
      "resolved": "https://registry.npmjs.org/middie/-/middie-7.1.0.tgz",
      "integrity": "sha512-1Fq0i+nGYlPyVv5pBbnXSdkcQ4in1d9pNv2DMwTKGztsqyAng9PN/PNl4PMhccScEWOvj+HT5QtANsA0AuYHFw==",
      "dependencies": {
        "middie-deprecated": "npm:middie@7.0.0",
        "process-warning": "^1.0.0"
      }
    },
    "node_modules/middie-deprecated": {
      "name": "middie",
      "version": "7.0.0",
      "resolved": "https://registry.npmjs.org/middie/-/middie-7.0.0.tgz",
      "integrity": "sha512-gAX1DrlTOMsDW6MskZrCJQW1j56I7VHqKFdwGSMtZuIbymye2j89R1juPLLCyEMrx0sZR9EZ+VqnWqOh9KH4PQ==",
      "dependencies": {
        "fastify-plugin": "^3.0.0",
        "path-to-regexp": "^6.1.0",
        "reusify": "^1.0.4"
      }
    },
    "node_modules/object-assign": {
      "version": "4.1.1",
      "resolved": "https://registry.npmjs.org/object-assign/-/object-assign-4.1.1.tgz",
      "integrity": "sha512-rJgTQnkUnH1sFw8yT6VSU3zD3sWmu6sZhIseY8VX+GRu3P6F7Fu+JNDoXfklElbLJSnc3FUQHVe4cU5hj+BcUg==",
      "engines": {
        "node": ">=0.10.0"
      }
    },
    "node_modules/path-to-regexp": {
      "version": "6.2.1",
      "resolved": "https://registry.npmjs.org/path-to-regexp/-/path-to-regexp-6.2.1.tgz",
      "integrity": "sha512-JLyh7xT1kizaEvcaXOQwOc2/Yhw6KZOvPf1S8401UyLk86CU79LN3vl7ztXGm/pZ+YjoyAJ4rxmHwbkBXJX+yw=="
    },
    "node_modules/process-warning": {
      "version": "1.0.0",
      "resolved": "https://registry.npmjs.org/process-warning/-/process-warning-1.0.0.tgz",
      "integrity": "sha512-du4wfLyj4yCZq1VupnVSZmRsPJsNuxoDQFdCFHLaYiEbFBD7QE0a+I4D7hOxrVnh78QE/YipFAj9lXHiXocV+Q=="
    },
    "node_modules/reusify": {
      "version": "1.0.4",
      "resolved": "https://registry.npmjs.org/reusify/-/reusify-1.0.4.tgz",
      "integrity": "sha512-U9nH88a3fc/ekCF1l0/UP1IosiuIjyTh7hBvXVMHYgVcfGvt897Xguj2UOLDeI5BG2m7/uwyaLVT6fbtCwTyzw==",
      "engines": {
        "iojs": ">=1.0.0",
        "node": ">=0.10.0"
      }
    },
    "node_modules/vary": {
      "version": "1.1.2",
      "resolved": "https://registry.npmjs.org/vary/-/vary-1.1.2.tgz",
      "integrity": "sha512-BNGbWLfd0eUPabhkXUVm0j8uuvREyTh5ovRa/dyow/BqAbZJyC+5fU+IzQOzmAKzYqYRAISoRhdQr3eIZ/PXqg==",
      "engines": {
        "node": ">= 0.8"
      }
    }
  },
  "dependencies": {
    "@fastify/middie": {
      "version": "8.0.0",
      "resolved": "https://registry.npmjs.org/@fastify/middie/-/middie-8.0.0.tgz",
      "integrity": "sha512-SsZUzJwRV2IBhko8TNI5gGzUdUp2Xd0XCrU+pBTfsMN8LYGsksDI/Hb3qcUZ2/Kfg6ecbFEeRO4nZmHeFCDpHQ==",
      "requires": {
        "fastify-plugin": "^3.0.0",
        "path-to-regexp": "^6.1.0",
        "reusify": "^1.0.4"
      }
    },
    "cors": {
      "version": "2.8.5",
      "resolved": "https://registry.npmjs.org/cors/-/cors-2.8.5.tgz",
      "integrity": "sha512-KIHbLJqu73RGr/hnbrO9uBeixNGuvSQjul/jdFvS/KFSIH1hWVd1ng7zOHx+YrEfInLG7q4n6GHQ9cDtxv/P6g==",
      "requires": {
        "object-assign": "^4",
        "vary": "^1"
      }
    },
    "fastify-plugin": {
      "version": "3.0.1",
      "resolved": "https://registry.npmjs.org/fastify-plugin/-/fastify-plugin-3.0.1.tgz",
      "integrity": "sha512-qKcDXmuZadJqdTm6vlCqioEbyewF60b/0LOFCcYN1B6BIZGlYJumWWOYs70SFYLDAH4YqdE1cxH/RKMG7rFxgA=="
    },
    "lodash": {
      "version": "4.17.21",
      "resolved": "https://registry.npmjs.org/lodash/-/lodash-4.17.21.tgz",
      "integrity": "sha512-v2kDEe57lecTulaDIuNTPy3Ry4gLGJ6Z1O3vE1krgXZNrsQ+LFTGHVxVjcXPs17LhbZVGedAJv8XZ1tvj5FvSg=="
    },
    "middie": {
      "version": "7.1.0",
      "resolved": "https://registry.npmjs.org/middie/-/middie-7.1.0.tgz",
      "integrity": "sha512-1Fq0i+nGYlPyVv5pBbnXSdkcQ4in1d9pNv2DMwTKGztsqyAng9PN/PNl4PMhccScEWOvj+HT5QtANsA0AuYHFw==",
      "requires": {
        "middie-deprecated": "npm:middie@7.0.0",
        "process-warning": "^1.0.0"
      }
    },
    "middie-deprecated": {
      "version": "npm:middie@7.0.0",
      "resolved": "https://registry.npmjs.org/middie/-/middie-7.0.0.tgz",
      "integrity": "sha512-gAX1DrlTOMsDW6MskZrCJQW1j56I7VHqKFdwGSMtZuIbymye2j89R1juPLLCyEMrx0sZR9EZ+VqnWqOh9KH4PQ==",
      "requires": {
        "fastify-plugin": "^3.0.0",
        "path-to-regexp": "^6.1.0",
        "reusify": "^1.0.4"
      }
    },
    "object-assign": {
      "version": "4.1.1",
      "resolved": "https://registry.npmjs.org/object-assign/-/object-assign-4.1.1.tgz",
      "integrity": "sha512-rJgTQnkUnH1sFw8yT6VSU3zD3sWmu6sZhIseY8VX+GRu3P6F7Fu+JNDoXfklElbLJSnc3FUQHVe4cU5hj+BcUg=="
    },
    "path-to-regexp": {
      "version": "6.2.1",
      "resolved": "https://registry.npmjs.org/path-to-regexp/-/path-to-regexp-6.2.1.tgz",
      "integrity": "sha512-JLyh7xT1kizaEvcaXOQwOc2/Yhw6KZOvPf1S8401UyLk86CU79LN3vl7ztXGm/pZ+YjoyAJ4rxmHwbkBXJX+yw=="
    },
    "process-warning": {
      "version": "1.0.0",
      "resolved": "https://registry.npmjs.org/process-warning/-/process-warning-1.0.0.tgz",
      "integrity": "sha512-du4wfLyj4yCZq1VupnVSZmRsPJsNuxoDQFdCFHLaYiEbFBD7QE0a+I4D7hOxrVnh78QE/YipFAj9lXHiXocV+Q=="
    },
    "reusify": {
      "version": "1.0.4",
      "resolved": "https://registry.npmjs.org/reusify/-/reusify-1.0.4.tgz",
      "integrity": "sha512-U9nH88a3fc/ekCF1l0/UP1IosiuIjyTh7hBvXVMHYgVcfGvt897Xguj2UOLDeI5BG2m7/uwyaLVT6fbtCwTyzw=="
    },
    "vary": {
      "version": "1.1.2",
      "resolved": "https://registry.npmjs.org/vary/-/vary-1.1.2.tgz",
      "integrity": "sha512-BNGbWLfd0eUPabhkXUVm0j8uuvREyTh5ovRa/dyow/BqAbZJyC+5fU+IzQOzmAKzYqYRAISoRhdQr3eIZ/PXqg=="
    }
  }
}
